
Microsoft Visual Studio Solution File, Format Version 12.00
# Visual Studio Version 17
VisualStudioVersion = 17.11.35312.102
MinimumVisualStudioVersion = 10.0.40219.1
Project("{9A19103F-16F7-4668-BE54-9A1E7A4F7556}") = "DataProtection_SqlIncejtion.Web", "DataProtection.Web\DataProtection_SqlIncejtion.Web.csproj", "{F83F9AC4-6D61-4FE7-95FE-CE9D1083D589}"
EndProject
Project("{9A19103F-16F7-4668-BE54-9A1E7A4F7556}") = "WhiteBlackList.Web", "WhiteBlackList.Web\WhiteBlackList.Web.csproj", "{589E94E0-BD9B-4496-9626-631254092E50}"
EndProject
Project("{9A19103F-16F7-4668-BE54-9A1E7A4F7556}") = "SecretProtection.Web", "SecretProtection.Web\SecretProtection.Web.csproj", "{9CAFB647-DD06-484C-B218-87919F91B20D}"
EndProject
Project("{9A19103F-16F7-4668-BE54-9A1E7A4F7556}") = "CORS.Web", "CORS.Web\CORS.Web.csproj", "{E4384C93-57F0-4290-87DD-0E6395D42E1F}"
EndProject
Project("{9A19103F-16F7-4668-BE54-9A1E7A4F7556}") = "CORS.Api", "CORS.Api\CORS.Api.csproj", "{48C9A045-9485-411E-A513-6B6173EB7B2B}"
EndProject
Global
	GlobalSection(SolutionConfigurationPlatforms) = preSolution
		Debug|Any CPU = Debug|Any CPU
		Release|Any CPU = Release|Any CPU
	EndGlobalSection
	GlobalSection(ProjectConfigurationPlatforms) = postSolution
		{F83F9AC4-6D61-4FE7-95FE-CE9D1083D589}.Debug|Any CPU.ActiveCfg = Debug|Any CPU
		{F83F9AC4-6D61-4FE7-95FE-CE9D1083D589}.Debug|Any CPU.Build.0 = Debug|Any CPU
		{F83F9AC4-6D61-4FE7-95FE-CE9D1083D589}.Release|Any CPU.ActiveCfg = Release|Any CPU
		{F83F9AC4-6D61-4FE7-95FE-CE9D1083D589}.Release|Any CPU.Build.0 = Release|Any CPU
		{589E94E0-BD9B-4496-9626-631254092E50}.Debug|Any CPU.ActiveCfg = Debug|Any CPU
		{589E94E0-BD9B-4496-9626-631254092E50}.Debug|Any CPU.Build.0 = Debug|Any CPU
		{589E94E0-BD9B-4496-9626-631254092E50}.Release|Any CPU.ActiveCfg = Release|Any CPU
		{589E94E0-BD9B-4496-9626-631254092E50}.Release|Any CPU.Build.0 = Release|Any CPU
		{9CAFB647-DD06-484C-B218-87919F91B20D}.Debug|Any CPU.ActiveCfg = Debug|Any CPU
		{9CAFB647-DD06-484C-B218-87919F91B20D}.Debug|Any CPU.Build.0 = Debug|Any CPU
		{9CAFB647-DD06-484C-B218-87919F91B20D}.Release|Any CPU.ActiveCfg = Release|Any CPU
		{9CAFB647-DD06-484C-B218-87919F91B20D}.Release|Any CPU.Build.0 = Release|Any CPU
		{E4384C93-57F0-4290-87DD-0E6395D42E1F}.Debug|Any CPU.ActiveCfg = Debug|Any CPU
		{E4384C93-57F0-4290-87DD-0E6395D42E1F}.Debug|Any CPU.Build.0 = Debug|Any CPU
		{E4384C93-57F0-4290-87DD-0E6395D42E1F}.Release|Any CPU.ActiveCfg = Release|Any CPU
		{E4384C93-57F0-4290-87DD-0E6395D42E1F}.Release|Any CPU.Build.0 = Release|Any CPU
		{48C9A045-9485-411E-A513-6B6173EB7B2B}.Debug|Any CPU.ActiveCfg = Debug|Any CPU
		{48C9A045-9485-411E-A513-6B6173EB7B2B}.Debug|Any CPU.Build.0 = Debug|Any CPU
		{48C9A045-9485-411E-A513-6B6173EB7B2B}.Release|Any CPU.ActiveCfg = Release|Any CPU
		{48C9A045-9485-411E-A513-6B6173EB7B2B}.Release|Any CPU.Build.0 = Release|Any CPU
	EndGlobalSection
	GlobalSection(SolutionProperties) = preSolution
		HideSolutionNode = FALSE
	EndGlobalSection
	GlobalSection(ExtensibilityGlobals) = postSolution
		SolutionGuid = {2F008FB2-8BA7-4BF4-8981-715508476166}
	EndGlobalSection
EndGlobal
